// !$*UTF8*$!
{
	archiveVersion = 1;
	classes = {
	};
	objectVersion = 52;
	objects = {

/* Begin PBXBuildFile section */
		7FDFFF3F2500A11500CF1CDD /* AppDelegate.swift in Sources */ = {isa = PBXBuildFile; fileRef = 7FDFFF3E2500A11500CF1CDD /* AppDelegate.swift */; };
		7FDFFF412500A11500CF1CDD /* SceneDelegate.swift in Sources */ = {isa = PBXBuildFile; fileRef = 7FDFFF402500A11500CF1CDD /* SceneDelegate.swift */; };
		7FDFFF432500A11500CF1CDD /* ContentView.swift in Sources */ = {isa = PBXBuildFile; fileRef = 7FDFFF422500A11500CF1CDD /* ContentView.swift */; };
		7FDFFF452500A11700CF1CDD /* Assets.xcassets in Resources */ = {isa = PBXBuildFile; fileRef = 7FDFFF442500A11700CF1CDD /* Assets.xcassets */; };
		7FDFFF482500A11700CF1CDD /* Preview Assets.xcassets in Resources */ = {isa = PBXBuildFile; fileRef = 7FDFFF472500A11700CF1CDD /* Preview Assets.xcassets */; };
		7FDFFF4B2500A11700CF1CDD /* LaunchScreen.storyboard in Resources */ = {isa = PBXBuildFile; fileRef = 7FDFFF492500A11700CF1CDD /* LaunchScreen.storyboard */; };
		7FDFFF562500A11700CF1CDD /* SwiftVietnamTests.swift in Sources */ = {isa = PBXBuildFile; fileRef = 7FDFFF552500A11700CF1CDD /* SwiftVietnamTests.swift */; };
		7FDFFF612500A11700CF1CDD /* SwiftVietnamUITests.swift in Sources */ = {isa = PBXBuildFile; fileRef = 7FDFFF602500A11700CF1CDD /* SwiftVietnamUITests.swift */; };
		7FDFFF6F2500A14A00CF1CDD /* SafariView.swift in Sources */ = {isa = PBXBuildFile; fileRef = 7FDFFF6E2500A14A00CF1CDD /* SafariView.swift */; };
		7FDFFF722500A16B00CF1CDD /* FeedKit in Frameworks */ = {isa = PBXBuildFile; productRef = 7FDFFF712500A16B00CF1CDD /* FeedKit */; };
/* End PBXBuildFile section */

/* Begin PBXContainerItemProxy section */
		7FDFFF522500A11700CF1CDD /* PBXContainerItemProxy */ = {
			isa = PBXContainerItemProxy;
			containerPortal = 7FDFFF332500A11500CF1CDD /* Project object */;
			proxyType = 1;
			remoteGlobalIDString = 7FDFFF3A2500A11500CF1CDD;
			remoteInfo = SwiftVietnam;
		};
		7FDFFF5D2500A11700CF1CDD /* PBXContainerItemProxy */ = {
			isa = PBXContainerItemProxy;
			containerPortal = 7FDFFF332500A11500CF1CDD /* Project object */;
			proxyType = 1;
			remoteGlobalIDString = 7FDFFF3A2500A11500CF1CDD;
			remoteInfo = SwiftVietnam;
		};
/* End PBXContainerItemProxy section */

/* Begin PBXFileReference section */
		7FDFFF3B2500A11500CF1CDD /* SwiftVietnam.app */ = {isa = PBXFileReference; explicitFileType = wrapper.application; includeInIndex = 0; path = SwiftVietnam.app; sourceTree = BUILT_PRODUCTS_DIR; };
		7FDFFF3E2500A11500CF1CDD /* AppDelegate.swift */ = {isa = PBXFileReference; lastKnownFileType = sourcecode.swift; path = AppDelegate.swift; sourceTree = "<group>"; };
		7FDFFF402500A11500CF1CDD /* SceneDelegate.swift */ = {isa = PBXFileReference; lastKnownFileType = sourcecode.swift; path = SceneDelegate.swift; sourceTree = "<group>"; };
		7FDFFF422500A11500CF1CDD /* ContentView.swift */ = {isa = PBXFileReference; lastKnownFileType = sourcecode.swift; path = ContentView.swift; sourceTree = "<group>"; };
		7FDFFF442500A11700CF1CDD /* Assets.xcassets */ = {isa = PBXFileReference; lastKnownFileType = folder.assetcatalog; path = Assets.xcassets; sourceTree = "<group>"; };
		7FDFFF472500A11700CF1CDD /* Preview Assets.xcassets */ = {isa = PBXFileReference; lastKnownFileType = folder.assetcatalog; path = "Preview Assets.xcassets"; sourceTree = "<group>"; };
		7FDFFF4A2500A11700CF1CDD /* Base */ = {isa = PBXFileReference; lastKnownFileType = file.storyboard; name = Base; path = Base.lproj/LaunchScreen.storyboard; sourceTree = "<group>"; };
		7FDFFF4C2500A11700CF1CDD /* Info.plist */ = {isa = PBXFileReference; lastKnownFileType = text.plist.xml; path = Info.plist; sourceTree = "<group>"; };
		7FDFFF512500A11700CF1CDD /* SwiftVietnamTests.xctest */ = {isa = PBXFileReference; explicitFileType = wrapper.cfbundle; includeInIndex = 0; path = SwiftVietnamTests.xctest; sourceTree = BUILT_PRODUCTS_DIR; };
		7FDFFF552500A11700CF1CDD /* SwiftVietnamTests.swift */ = {isa = PBXFileReference; lastKnownFileType = sourcecode.swift; path = SwiftVietnamTests.swift; sourceTree = "<group>"; };
		7FDFFF572500A11700CF1CDD /* Info.plist */ = {isa = PBXFileReference; lastKnownFileType = text.plist.xml; path = Info.plist; sourceTree = "<group>"; };
		7FDFFF5C2500A11700CF1CDD /* SwiftVietnamUITests.xctest */ = {isa = PBXFileReference; explicitFileType = wrapper.cfbundle; includeInIndex = 0; path = SwiftVietnamUITests.xctest; sourceTree = BUILT_PRODUCTS_DIR; };
		7FDFFF602500A11700CF1CDD /* SwiftVietnamUITests.swift */ = {isa = PBXFileReference; lastKnownFileType = sourcecode.swift; path = SwiftVietnamUITests.swift; sourceTree = "<group>"; };
		7FDFFF622500A11700CF1CDD /* Info.plist */ = {isa = PBXFileReference; lastKnownFileType = text.plist.xml; path = Info.plist; sourceTree = "<group>"; };
		7FDFFF6E2500A14A00CF1CDD /* SafariView.swift */ = {isa = PBXFileReference; fileEncoding = 4; lastKnownFileType = sourcecode.swift; path = SafariView.swift; sourceTree = "<group>"; };
/* End PBXFileReference section */

/* Begin PBXFrameworksBuildPhase section */
		7FDFFF382500A11500CF1CDD /* Frameworks */ = {
			isa = PBXFrameworksBuildPhase;
			buildActionMask = 2147483647;
			files = (
				7FDFFF722500A16B00CF1CDD /* FeedKit in Frameworks */,
			);
			runOnlyForDeploymentPostprocessing = 0;
		};
		7FDFFF4E2500A11700CF1CDD /* Frameworks */ = {
			isa = PBXFrameworksBuildPhase;
			buildActionMask = 2147483647;
			files = (
			);
			runOnlyForDeploymentPostprocessing = 0;
		};
		7FDFFF592500A11700CF1CDD /* Frameworks */ = {
			isa = PBXFrameworksBuildPhase;
			buildActionMask = 2147483647;
			files = (
			);
			runOnlyForDeploymentPostprocessing = 0;
		};
/* End PBXFrameworksBuildPhase section */

/* Begin PBXGroup section */
		7FDFFF322500A11500CF1CDD = {
			isa = PBXGroup;
			children = (
				7FDFFF3D2500A11500CF1CDD /* SwiftVietnam */,
				7FDFFF542500A11700CF1CDD /* SwiftVietnamTests */,
				7FDFFF5F2500A11700CF1CDD /* SwiftVietnamUITests */,
				7FDFFF3C2500A11500CF1CDD /* Products */,
			);
			sourceTree = "<group>";
		};
		7FDFFF3C2500A11500CF1CDD /* Products */ = {
			isa = PBXGroup;
			children = (
				7FDFFF3B2500A11500CF1CDD /* SwiftVietnam.app */,
				7FDFFF512500A11700CF1CDD /* SwiftVietnamTests.xctest */,
				7FDFFF5C2500A11700CF1CDD /* SwiftVietnamUITests.xctest */,
			);
			name = Products;
			sourceTree = "<group>";
		};
		7FDFFF3D2500A11500CF1CDD /* SwiftVietnam */ = {
			isa = PBXGroup;
			children = (
				7FDFFF3E2500A11500CF1CDD /* AppDelegate.swift */,
				7FDFFF402500A11500CF1CDD /* SceneDelegate.swift */,
				7FDFFF422500A11500CF1CDD /* ContentView.swift */,
				7FDFFF6E2500A14A00CF1CDD /* SafariView.swift */,
				7FDFFF442500A11700CF1CDD /* Assets.xcassets */,
				7FDFFF492500A11700CF1CDD /* LaunchScreen.storyboard */,
				7FDFFF4C2500A11700CF1CDD /* Info.plist */,
				7FDFFF462500A11700CF1CDD /* Preview Content */,
			);
			path = SwiftVietnam;
			sourceTree = "<group>";
		};
		7FDFFF462500A11700CF1CDD /* Preview Content */ = {
			isa = PBXGroup;
			children = (
				7FDFFF472500A11700CF1CDD /* Preview Assets.xcassets */,
			);
			path = "Preview Content";
			sourceTree = "<group>";
		};
		7FDFFF542500A11700CF1CDD /* SwiftVietnamTests */ = {
			isa = PBXGroup;
			children = (
				7FDFFF552500A11700CF1CDD /* SwiftVietnamTests.swift */,
				7FDFFF572500A11700CF1CDD /* Info.plist */,
			);
			path = SwiftVietnamTests;
			sourceTree = "<group>";
		};
		7FDFFF5F2500A11700CF1CDD /* SwiftVietnamUITests */ = {
			isa = PBXGroup;
			children = (
				7FDFFF602500A11700CF1CDD /* SwiftVietnamUITests.swift */,
				7FDFFF622500A11700CF1CDD /* Info.plist */,
			);
			path = SwiftVietnamUITests;
			sourceTree = "<group>";
		};
/* End PBXGroup section */

/* Begin PBXNativeTarget section */
		7FDFFF3A2500A11500CF1CDD /* SwiftVietnam */ = {
			isa = PBXNativeTarget;
			buildConfigurationList = 7FDFFF652500A11700CF1CDD /* Build configuration list for PBXNativeTarget "SwiftVietnam" */;
			buildPhases = (
				7FDFFF372500A11500CF1CDD /* Sources */,
				7FDFFF382500A11500CF1CDD /* Frameworks */,
				7FDFFF392500A11500CF1CDD /* Resources */,
			);
			buildRules = (
			);
			dependencies = (
			);
			name = SwiftVietnam;
			packageProductDependencies = (
				7FDFFF712500A16B00CF1CDD /* FeedKit */,
			);
			productName = SwiftVietnam;
			productReference = 7FDFFF3B2500A11500CF1CDD /* SwiftVietnam.app */;
			productType = "com.apple.product-type.application";
		};
		7FDFFF502500A11700CF1CDD /* SwiftVietnamTests */ = {
			isa = PBXNativeTarget;
			buildConfigurationList = 7FDFFF682500A11700CF1CDD /* Build configuration list for PBXNativeTarget "SwiftVietnamTests" */;
			buildPhases = (
				7FDFFF4D2500A11700CF1CDD /* Sources */,
				7FDFFF4E2500A11700CF1CDD /* Frameworks */,
				7FDFFF4F2500A11700CF1CDD /* Resources */,
			);
			buildRules = (
			);
			dependencies = (
				7FDFFF532500A11700CF1CDD /* PBXTargetDependency */,
			);
			name = SwiftVietnamTests;
			productName = SwiftVietnamTests;
			productReference = 7FDFFF512500A11700CF1CDD /* SwiftVietnamTests.xctest */;
			productType = "com.apple.product-type.bundle.unit-test";
		};
		7FDFFF5B2500A11700CF1CDD /* SwiftVietnamUITests */ = {
			isa = PBXNativeTarget;
			buildConfigurationList = 7FDFFF6B2500A11700CF1CDD /* Build configuration list for PBXNativeTarget "SwiftVietnamUITests" */;
			buildPhases = (
				7FDFFF582500A11700CF1CDD /* Sources */,
				7FDFFF592500A11700CF1CDD /* Frameworks */,
				7FDFFF5A2500A11700CF1CDD /* Resources */,
			);
			buildRules = (
			);
			dependencies = (
				7FDFFF5E2500A11700CF1CDD /* PBXTargetDependency */,
			);
			name = SwiftVietnamUITests;
			productName = SwiftVietnamUITests;
			productReference = 7FDFFF5C2500A11700CF1CDD /* SwiftVietnamUITests.xctest */;
			productType = "com.apple.product-type.bundle.ui-testing";
		};
/* End PBXNativeTarget section */

/* Begin PBXProject section */
		7FDFFF332500A11500CF1CDD /* Project object */ = {
			isa = PBXProject;
			attributes = {
				LastSwiftUpdateCheck = 1170;
				LastUpgradeCheck = 1170;
				ORGANIZATIONNAME = "An Tran";
				TargetAttributes = {
					7FDFFF3A2500A11500CF1CDD = {
						CreatedOnToolsVersion = 11.7;
					};
					7FDFFF502500A11700CF1CDD = {
						CreatedOnToolsVersion = 11.7;
						TestTargetID = 7FDFFF3A2500A11500CF1CDD;
					};
					7FDFFF5B2500A11700CF1CDD = {
						CreatedOnToolsVersion = 11.7;
						TestTargetID = 7FDFFF3A2500A11500CF1CDD;
					};
				};
			};
			buildConfigurationList = 7FDFFF362500A11500CF1CDD /* Build configuration list for PBXProject "SwiftVietnam" */;
			compatibilityVersion = "Xcode 9.3";
			developmentRegion = en;
			hasScannedForEncodings = 0;
			knownRegions = (
				en,
				Base,
			);
			mainGroup = 7FDFFF322500A11500CF1CDD;
			packageReferences = (
				7FDFFF702500A16B00CF1CDD /* XCRemoteSwiftPackageReference "FeedKit" */,
			);
			productRefGroup = 7FDFFF3C2500A11500CF1CDD /* Products */;
			projectDirPath = "";
			projectRoot = "";
			targets = (
				7FDFFF3A2500A11500CF1CDD /* SwiftVietnam */,
				7FDFFF502500A11700CF1CDD /* SwiftVietnamTests */,
				7FDFFF5B2500A11700CF1CDD /* SwiftVietnamUITests */,
			);
		};
/* End PBXProject section */

/* Begin PBXResourcesBuildPhase section */
		7FDFFF392500A11500CF1CDD /* Resources */ = {
			isa = PBXResourcesBuildPhase;
			buildActionMask = 2147483647;
			files = (
				7FDFFF4B2500A11700CF1CDD /* LaunchScreen.storyboard in Resources */,
				7FDFFF482500A11700CF1CDD /* Preview Assets.xcassets in Resources */,
				7FDFFF452500A11700CF1CDD /* Assets.xcassets in Resources */,
			);
			runOnlyForDeploymentPostprocessing = 0;
		};
		7FDFFF4F2500A11700CF1CDD /* Resources */ = {
			isa = PBXResourcesBuildPhase;
			buildActionMask = 2147483647;
			files = (
			);
			runOnlyForDeploymentPostprocessing = 0;
		};
		7FDFFF5A2500A11700CF1CDD /* Resources */ = {
			isa = PBXResourcesBuildPhase;
			buildActionMask = 2147483647;
			files = (
			);
			runOnlyForDeploymentPostprocessing = 0;
		};
/* End PBXResourcesBuildPhase section */

/* Begin PBXSourcesBuildPhase section */
		7FDFFF372500A11500CF1CDD /* Sources */ = {
			isa = PBXSourcesBuildPhase;
			buildActionMask = 2147483647;
			files = (
				7FDFFF6F2500A14A00CF1CDD /* SafariView.swift in Sources */,
				7FDFFF3F2500A11500CF1CDD /* AppDelegate.swift in Sources */,
				7FDFFF412500A11500CF1CDD /* SceneDelegate.swift in Sources */,
				7FDFFF432500A11500CF1CDD /* ContentView.swift in Sources */,
			);
			runOnlyForDeploymentPostprocessing = 0;
		};
		7FDFFF4D2500A11700CF1CDD /* Sources */ = {
			isa = PBXSourcesBuildPhase;
			buildActionMask = 2147483647;
			files = (
				7FDFFF562500A11700CF1CDD /* SwiftVietnamTests.swift in Sources */,
			);
			runOnlyForDeploymentPostprocessing = 0;
		};
		7FDFFF582500A11700CF1CDD /* Sources */ = {
			isa = PBXSourcesBuildPhase;
			buildActionMask = 2147483647;
			files = (
				7FDFFF612500A11700CF1CDD /* SwiftVietnamUITests.swift in Sources */,
			);
			runOnlyForDeploymentPostprocessing = 0;
		};
/* End PBXSourcesBuildPhase section */

/* Begin PBXTargetDependency section */
		7FDFFF532500A11700CF1CDD /* PBXTargetDependency */ = {
			isa = PBXTargetDependency;
			target = 7FDFFF3A2500A11500CF1CDD /* SwiftVietnam */;
			targetProxy = 7FDFFF522500A11700CF1CDD /* PBXContainerItemProxy */;
		};
		7FDFFF5E2500A11700CF1CDD /* PBXTargetDependency */ = {
			isa = PBXTargetDependency;
			target = 7FDFFF3A2500A11500CF1CDD /* SwiftVietnam */;
			targetProxy = 7FDFFF5D2500A11700CF1CDD /* PBXContainerItemProxy */;
		};
/* End PBXTargetDependency section */

/* Begin PBXVariantGroup section */
		7FDFFF492500A11700CF1CDD /* LaunchScreen.storyboard */ = {
			isa = PBXVariantGroup;
			children = (
				7FDFFF4A2500A11700CF1CDD /* Base */,
			);
			name = LaunchScreen.storyboard;
			sourceTree = "<group>";
		};
/* End PBXVariantGroup section */

/* Begin XCBuildConfiguration section */
		7FDFFF632500A11700CF1CDD /* Debug */ = {
			isa = XCBuildConfiguration;
			buildSettings = {
				ALWAYS_SEARCH_USER_PATHS = NO;
				CLANG_ANALYZER_NONNULL = YES;
				CLANG_ANALYZER_NUMBER_OBJECT_CONVERSION = YES_AGGRESSIVE;
				CLANG_CXX_LANGUAGE_STANDARD = "gnu++14";
				CLANG_CXX_LIBRARY = "libc++";
				CLANG_ENABLE_MODULES = YES;
				CLANG_ENABLE_OBJC_ARC = YES;
				CLANG_ENABLE_OBJC_WEAK = YES;
				CLANG_WARN_BLOCK_CAPTURE_AUTORELEASING = YES;
				CLANG_WARN_BOOL_CONVERSION = YES;
				CLANG_WARN_COMMA = YES;
				CLANG_WARN_CONSTANT_CONVERSION = YES;
				CLANG_WARN_DEPRECATED_OBJC_IMPLEMENTATIONS = YES;
				CLANG_WARN_DIRECT_OBJC_ISA_USAGE = YES_ERROR;
				CLANG_WARN_DOCUMENTATION_COMMENTS = YES;
				CLANG_WARN_EMPTY_BODY = YES;
				CLANG_WARN_ENUM_CONVERSION = YES;
				CLANG_WARN_INFINITE_RECURSION = YES;
				CLANG_WARN_INT_CONVERSION = YES;
				CLANG_WARN_NON_LITERAL_NULL_CONVERSION = YES;
				CLANG_WARN_OBJC_IMPLICIT_RETAIN_SELF = YES;
				CLANG_WARN_OBJC_LITERAL_CONVERSION = YES;
				CLANG_WARN_OBJC_ROOT_CLASS = YES_ERROR;
				CLANG_WARN_RANGE_LOOP_ANALYSIS = YES;
				CLANG_WARN_STRICT_PROTOTYPES = YES;
				CLANG_WARN_SUSPICIOUS_MOVE = YES;
				CLANG_WARN_UNGUARDED_AVAILABILITY = YES_AGGRESSIVE;
				CLANG_WARN_UNREACHABLE_CODE = YES;
				CLANG_WARN__DUPLICATE_METHOD_MATCH = YES;
				COPY_PHASE_STRIP = NO;
				DEBUG_INFORMATION_FORMAT = dwarf;
				ENABLE_STRICT_OBJC_MSGSEND = YES;
				ENABLE_TESTABILITY = YES;
				GCC_C_LANGUAGE_STANDARD = gnu11;
				GCC_DYNAMIC_NO_PIC = NO;
				GCC_NO_COMMON_BLOCKS = YES;
				GCC_OPTIMIZATION_LEVEL = 0;
				GCC_PREPROCESSOR_DEFINITIONS = (
					"DEBUG=1",
					"$(inherited)",
				);
				GCC_WARN_64_TO_32_BIT_CONVERSION = YES;
				GCC_WARN_ABOUT_RETURN_TYPE = YES_ERROR;
				GCC_WARN_UNDECLARED_SELECTOR = YES;
				GCC_WARN_UNINITIALIZED_AUTOS = YES_AGGRESSIVE;
				GCC_WARN_UNUSED_FUNCTION = YES;
				GCC_WARN_UNUSED_VARIABLE = YES;
				IPHONEOS_DEPLOYMENT_TARGET = 13.7;
				MTL_ENABLE_DEBUG_INFO = INCLUDE_SOURCE;
				MTL_FAST_MATH = YES;
				ONLY_ACTIVE_ARCH = YES;
				SDKROOT = iphoneos;
				SWIFT_ACTIVE_COMPILATION_CONDITIONS = DEBUG;
				SWIFT_OPTIMIZATION_LEVEL = "-Onone";
			};
			name = Debug;
		};
		7FDFFF642500A11700CF1CDD /* Release */ = {
			isa = XCBuildConfiguration;
			buildSettings = {
				ALWAYS_SEARCH_USER_PATHS = NO;
				CLANG_ANALYZER_NONNULL = YES;
				CLANG_ANALYZER_NUMBER_OBJECT_CONVERSION = YES_AGGRESSIVE;
				CLANG_CXX_LANGUAGE_STANDARD = "gnu++14";
				CLANG_CXX_LIBRARY = "libc++";
				CLANG_ENABLE_MODULES = YES;
				CLANG_ENABLE_OBJC_ARC = YES;
				CLANG_ENABLE_OBJC_WEAK = YES;
				CLANG_WARN_BLOCK_CAPTURE_AUTORELEASING = YES;
				CLANG_WARN_BOOL_CONVERSION = YES;
				CLANG_WARN_COMMA = YES;
				CLANG_WARN_CONSTANT_CONVERSION = YES;
				CLANG_WARN_DEPRECATED_OBJC_IMPLEMENTATIONS = YES;
				CLANG_WARN_DIRECT_OBJC_ISA_USAGE = YES_ERROR;
				CLANG_WARN_DOCUMENTATION_COMMENTS = YES;
				CLANG_WARN_EMPTY_BODY = YES;
				CLANG_WARN_ENUM_CONVERSION = YES;
				CLANG_WARN_INFINITE_RECURSION = YES;
				CLANG_WARN_INT_CONVERSION = YES;
				CLANG_WARN_NON_LITERAL_NULL_CONVERSION = YES;
				CLANG_WARN_OBJC_IMPLICIT_RETAIN_SELF = YES;
				CLANG_WARN_OBJC_LITERAL_CONVERSION = YES;
				CLANG_WARN_OBJC_ROOT_CLASS = YES_ERROR;
				CLANG_WARN_RANGE_LOOP_ANALYSIS = YES;
				CLANG_WARN_STRICT_PROTOTYPES = YES;
				CLANG_WARN_SUSPICIOUS_MOVE = YES;
				CLANG_WARN_UNGUARDED_AVAILABILITY = YES_AGGRESSIVE;
				CLANG_WARN_UNREACHABLE_CODE = YES;
				CLANG_WARN__DUPLICATE_METHOD_MATCH = YES;
				COPY_PHASE_STRIP = NO;
				DEBUG_INFORMATION_FORMAT = "dwarf-with-dsym";
				ENABLE_NS_ASSERTIONS = NO;
				ENABLE_STRICT_OBJC_MSGSEND = YES;
				GCC_C_LANGUAGE_STANDARD = gnu11;
				GCC_NO_COMMON_BLOCKS = YES;
				GCC_WARN_64_TO_32_BIT_CONVERSION = YES;
				GCC_WARN_ABOUT_RETURN_TYPE = YES_ERROR;
				GCC_WARN_UNDECLARED_SELECTOR = YES;
				GCC_WARN_UNINITIALIZED_AUTOS = YES_AGGRESSIVE;
				GCC_WARN_UNUSED_FUNCTION = YES;
				GCC_WARN_UNUSED_VARIABLE = YES;
				IPHONEOS_DEPLOYMENT_TARGET = 13.7;
				MTL_ENABLE_DEBUG_INFO = NO;
				MTL_FAST_MATH = YES;
				SDKROOT = iphoneos;
				SWIFT_COMPILATION_MODE = wholemodule;
				SWIFT_OPTIMIZATION_LEVEL = "-O";
				VALIDATE_PRODUCT = YES;
			};
			name = Release;
		};
		7FDFFF662500A11700CF1CDD /* Debug */ = {
			isa = XCBuildConfiguration;
			buildSettings = {
				ASSETCATALOG_COMPILER_APPICON_NAME = AppIcon;
				CODE_SIGN_STYLE = Automatic;
				CURRENT_PROJECT_VERSION = 3;
				DEVELOPMENT_ASSET_PATHS = "\"SwiftVietnam/Preview Content\"";
				DEVELOPMENT_TEAM = 36ML5F3NSU;
				ENABLE_PREVIEWS = YES;
				INFOPLIST_FILE = SwiftVietnam/Info.plist;
				IPHONEOS_DEPLOYMENT_TARGET = 13.0;
				LD_RUNPATH_SEARCH_PATHS = (
					"$(inherited)",
					"@executable_path/Frameworks",
				);
				MARKETING_VERSION = 1.0.0;
				PRODUCT_BUNDLE_IDENTIFIER = com.swiftvietnam.app;
				PRODUCT_NAME = "$(TARGET_NAME)";
				SWIFT_VERSION = 5.0;
				TARGETED_DEVICE_FAMILY = 1;
			};
			name = Debug;
		};
		7FDFFF672500A11700CF1CDD /* Release */ = {
			isa = XCBuildConfiguration;
			buildSettings = {
				ASSETCATALOG_COMPILER_APPICON_NAME = AppIcon;
				CODE_SIGN_STYLE = Automatic;
				CURRENT_PROJECT_VERSION = 3;
				DEVELOPMENT_ASSET_PATHS = "\"SwiftVietnam/Preview Content\"";
				DEVELOPMENT_TEAM = 36ML5F3NSU;
				ENABLE_PREVIEWS = YES;
				INFOPLIST_FILE = SwiftVietnam/Info.plist;
				IPHONEOS_DEPLOYMENT_TARGET = 13.0;
				LD_RUNPATH_SEARCH_PATHS = (
					"$(inherited)",
					"@executable_path/Frameworks",
				);
				MARKETING_VERSION = 1.0.0;
				PRODUCT_BUNDLE_IDENTIFIER = com.swiftvietnam.app;
				PRODUCT_NAME = "$(TARGET_NAME)";
				SWIFT_VERSION = 5.0;
				TARGETED_DEVICE_FAMILY = 1;
			};
			name = Release;
		};
		7FDFFF692500A11700CF1CDD /* Debug */ = {
			isa = XCBuildConfiguration;
			buildSettings = {
				ALWAYS_EMBED_SWIFT_STANDARD_LIBRARIES = YES;
				BUNDLE_LOADER = "$(TEST_HOST)";
				CODE_SIGN_STYLE = Automatic;
				DEVELOPMENT_TEAM = 36ML5F3NSU;
				INFOPLIST_FILE = SwiftVietnamTests/Info.plist;
				IPHONEOS_DEPLOYMENT_TARGET = 13.7;
				LD_RUNPATH_SEARCH_PATHS = (
					"$(inherited)",
					"@executable_path/Frameworks",
					"@loader_path/Frameworks",
				);
				PRODUCT_BUNDLE_IDENTIFIER = com.swiftvietnam.SwiftVietnamTests;
				PRODUCT_NAME = "$(TARGET_NAME)";
				SWIFT_VERSION = 5.0;
				TARGETED_DEVICE_FAMILY = "1,2";
				TEST_HOST = "$(BUILT_PRODUCTS_DIR)/SwiftVietnam.app/SwiftVietnam";
			};
			name = Debug;
		};
		7FDFFF6A2500A11700CF1CDD /* Release */ = {
			isa = XCBuildConfiguration;
			buildSettings = {
				ALWAYS_EMBED_SWIFT_STANDARD_LIBRARIES = YES;
				BUNDLE_LOADER = "$(TEST_HOST)";
				CODE_SIGN_STYLE = Automatic;
				DEVELOPMENT_TEAM = 36ML5F3NSU;
				INFOPLIST_FILE = SwiftVietnamTests/Info.plist;
				IPHONEOS_DEPLOYMENT_TARGET = 13.7;
				LD_RUNPATH_SEARCH_PATHS = (
					"$(inherited)",
					"@executable_path/Frameworks",
					"@loader_path/Frameworks",
				);
				PRODUCT_BUNDLE_IDENTIFIER = com.swiftvietnam.SwiftVietnamTests;
				PRODUCT_NAME = "$(TARGET_NAME)";
				SWIFT_VERSION = 5.0;
				TARGETED_DEVICE_FAMILY = "1,2";
				TEST_HOST = "$(BUILT_PRODUCTS_DIR)/SwiftVietnam.app/SwiftVietnam";
			};
			name = Release;
		};
		7FDFFF6C2500A11700CF1CDD /* Debug */ = {
			isa = XCBuildConfiguration;
			buildSettings = {
				ALWAYS_EMBED_SWIFT_STANDARD_LIBRARIES = YES;
				CODE_SIGN_STYLE = Automatic;
				DEVELOPMENT_TEAM = 36ML5F3NSU;
				INFOPLIST_FILE = SwiftVietnamUITests/Info.plist;
				LD_RUNPATH_SEARCH_PATHS = (
					"$(inherited)",
					"@executable_path/Frameworks",
					"@loader_path/Frameworks",
				);
				PRODUCT_BUNDLE_IDENTIFIER = com.swiftvietnam.SwiftVietnamUITests;
				PRODUCT_NAME = "$(TARGET_NAME)";
				SWIFT_VERSION = 5.0;
				TARGETED_DEVICE_FAMILY = "1,2";
				TEST_TARGET_NAME = SwiftVietnam;
			};
			name = Debug;
		};
		7FDFFF6D2500A11700CF1CDD /* Release */ = {
			isa = XCBuildConfiguration;
			buildSettings = {
				ALWAYS_EMBED_SWIFT_STANDARD_LIBRARIES = YES;
				CODE_SIGN_STYLE = Automatic;
				DEVELOPMENT_TEAM = 36ML5F3NSU;
				INFOPLIST_FILE = SwiftVietnamUITests/Info.plist;
				LD_RUNPATH_SEARCH_PATHS = (
					"$(inherited)",
					"@executable_path/Frameworks",
					"@loader_path/Frameworks",
				);
				PRODUCT_BUNDLE_IDENTIFIER = com.swiftvietnam.SwiftVietnamUITests;
				PRODUCT_NAME = "$(TARGET_NAME)";
				SWIFT_VERSION = 5.0;
				TARGETED_DEVICE_FAMILY = "1,2";
				TEST_TARGET_NAME = SwiftVietnam;
			};
			name = Release;
		};
/* End XCBuildConfiguration section */

/* Begin XCConfigurationList section */
		7FDFFF362500A11500CF1CDD /* Build configuration list for PBXProject "SwiftVietnam" */ = {
			isa = XCConfigurationList;
			buildConfigurations = (
				7FDFFF632500A11700CF1CDD /* Debug */,
				7FDFFF642500A11700CF1CDD /* Release */,
			);
			defaultConfigurationIsVisible = 0;
			defaultConfigurationName = Release;
		};
		7FDFFF652500A11700CF1CDD /* Build configuration list for PBXNativeTarget "SwiftVietnam" */ = {
			isa = XCConfigurationList;
			buildConfigurations = (
				7FDFFF662500A11700CF1CDD /* Debug */,
				7FDFFF672500A11700CF1CDD /* Release */,
			);
			defaultConfigurationIsVisible = 0;
			defaultConfigurationName = Release;
		};
		7FDFFF682500A11700CF1CDD /* Build configuration list for PBXNativeTarget "SwiftVietnamTests" */ = {
			isa = XCConfigurationList;
			buildConfigurations = (
				7FDFFF692500A11700CF1CDD /* Debug */,
				7FDFFF6A2500A11700CF1CDD /* Release */,
			);
			defaultConfigurationIsVisible = 0;
			defaultConfigurationName = Release;
		};
		7FDFFF6B2500A11700CF1CDD /* Build configuration list for PBXNativeTarget "SwiftVietnamUITests" */ = {
			isa = XCConfigurationList;
			buildConfigurations = (
				7FDFFF6C2500A11700CF1CDD /* Debug */,
				7FDFFF6D2500A11700CF1CDD /* Release */,
			);
			defaultConfigurationIsVisible = 0;
			defaultConfigurationName = Release;
		};
/* End XCConfigurationList section */

/* Begin XCRemoteSwiftPackageReference section */
		7FDFFF702500A16B00CF1CDD /* XCRemoteSwiftPackageReference "FeedKit" */ = {
			isa = XCRemoteSwiftPackageReference;
			repositoryURL = "https://github.com/nmdias/FeedKit.git";
			requirement = {
				kind = upToNextMajorVersion;
				minimumVersion = 9.1.2;
			};
		};
/* End XCRemoteSwiftPackageReference section */

/* Begin XCSwiftPackageProductDependency section */
		7FDFFF712500A16B00CF1CDD /* FeedKit */ = {
			isa = XCSwiftPackageProductDependency;
			package = 7FDFFF702500A16B00CF1CDD /* XCRemoteSwiftPackageReference "FeedKit" */;
			productName = FeedKit;
		};
/* End XCSwiftPackageProductDependency section */
	};
	rootObject = 7FDFFF332500A11500CF1CDD /* Project object */;
}
